
Microsoft Visual Studio Solution File, Format Version 12.00
# Visual Studio Version 16
VisualStudioVersion = 16.0.29001.49
MinimumVisualStudioVersion = 10.0.40219.1
Project("{FAE04EC0-301F-11D3-BF4B-00C04F79EFBC}") = "GitHubPush", "GitHubPush\GitHubPush.csproj", "{4D2783F8-AEB4-4880-98E0-E8261ABA4E8B}"
EndProject
Global
	GlobalSection(SolutionConfigurationPlatforms) = preSolution
		Debug|Any CPU = Debug|Any CPU
		Release|Any CPU = Release|Any CPU
	EndGlobalSection
	GlobalSection(ProjectConfigurationPlatforms) = postSolution
		{4D2783F8-AEB4-4880-98E0-E8261ABA4E8B}.Debug|Any CPU.ActiveCfg = Debug|Any CPU
		{4D2783F8-AEB4-4880-98E0-E8261ABA4E8B}.Debug|Any CPU.Build.0 = Debug|Any CPU
		{4D2783F8-AEB4-4880-98E0-E8261ABA4E8B}.Release|Any CPU.ActiveCfg = Release|Any CPU
		{4D2783F8-AEB4-4880-98E0-E8261ABA4E8B}.Release|Any CPU.Build.0 = Release|Any CPU
	EndGlobalSection
	GlobalSection(SolutionProperties) = preSolution
		HideSolutionNode = FALSE
	EndGlobalSection
	GlobalSection(ExtensibilityGlobals) = postSolution
		SolutionGuid = {B922812F-261A-408D-83EC-C1792BCF6AE2}
	EndGlobalSection
EndGlobal
